{
  "originHash" : "bbec6f12d88098c30a1372d906e9740c941fbb3e9093ca597ee52193b8610929",
  "pins" : [
    {
      "identity" : "sparkle",
      "kind" : "remoteSourceControl",
      "location" : "https://github.com/isCheneycc/Sparkle",
      "state" : {
        "revision" : "f4d8362bf9b6231596db3a0cc8812fdca8100961",
        "version" : "2.9.5-ushot.2"
      }
    }
  ],
  "version" : 3
}
