{
  "originHash" : "129af1e332c2ea9e6e0ff4a99b789ae8bb949c9d49f05c3ad4473119a772d264",
  "pins" : [
    {
      "identity" : "sparkle",
      "kind" : "remoteSourceControl",
      "location" : "https://github.com/isCheneycc/Sparkle",
      "state" : {
        "revision" : "3d81360ff115ffb80222c2723d72cb4cfa802774",
        "version" : "2.9.5-ushot.4"
      }
    }
  ],
  "version" : 3
}
