{
  "originHash" : "efbb1a98acf13cc6010db39a432177f186839e1244fdb489eaddab60f38e8581",
  "pins" : [
    {
      "identity" : "sparkle",
      "kind" : "remoteSourceControl",
      "location" : "https://github.com/isCheneycc/Sparkle",
      "state" : {
        "revision" : "f4d8362bf9b6231596db3a0cc8812fdca8100961",
        "version" : "2.9.5-ushot.2"
      }
    }
  ],
  "version" : 3
}
