{
  "originHash" : "efbb1a98acf13cc6010db39a432177f186839e1244fdb489eaddab60f38e8581",
  "pins" : [
    {
      "identity" : "sparkle",
      "kind" : "remoteSourceControl",
      "location" : "https://github.com/isCheneycc/Sparkle",
      "state" : {
        "revision" : "3d81360ff115ffb80222c2723d72cb4cfa802774",
        "version" : "2.9.5-ushot.4"
      }
    }
  ],
  "version" : 3
}
